github.com/go-raptor/connectors v1.0.2 h1:aAFXlSssExRE0HC6YIj+mSMR2ZP7tZn8qNxRADcekoE=
github.com/go-raptor/connectors v1.0.2/go.mod h1:o5EsfDhvcxtH00SOh6ehIa2nE/Y2oCrSoorxrSGeEys=
github.com/go-raptor/middlewares/cors v1.0.2 h1:3G3P8G01V7RGXQKO4uH38z7F7FWVERQ297GlNrRmNXA=
github.com/go-raptor/middlewares/cors v1.0.2/go.mod h1:flJ00tMK9B5R8JMmfnd/2R+ZnezWskFHNRXwElOL+KA=
github.com/go-raptor/middlewares/logger v1.0.0 h1:n06UdBuQsEcdE3ub4tzQh+XubIEVKtq2Hn5VxDBwtCw=
github.com/go-raptor/middlewares/logger v1.0.0/go.mod h1:Pl+wsruKrfiRhs9tI+fF0etGcEScBkcNmwUH2J9H0P8=
github.com/go-raptor/raptor/v4 v4.0.2 h1:As9LQsLXBYyXVfG/F8oRUQIG1JkFuh/VBF+pBPahMw4=
github.com/go-raptor/raptor/v4 v4.0.2/go.mod h1:HilAUjnoSgSvI10RYrs2cijKs6rjnf9rL0hn+iWt8wk=
github.com/go-raptor/raptor/v4 v4.0.4 h1:3UJw3rURf9G/yBOnt11qwtRFo4BZkWeNxtcxPBfkU+I=
github.com/go-raptor/raptor/v4 v4.0.4/go.mod h1:HilAUjnoSgSvI10RYrs2cijKs6rjnf9rL0hn+iWt8wk=
github.com/h00s/tint v1.1.2 h1:B1X7WeDtLpfLVLYy4SZAMa92RgmtJN9Ya2pN0C5U0l8=
github.com/h00s/tint v1.1.2/go.mod h1:A6y/VboBZiBW7PWebkEGV5qAPGPLpTukHBfGgik+m88=
gopkg.in/check.v1 v0.0.0-20161208181325-20d25e280405 h1:yhCVgyC4o1eVCa2tZl7eS0r+SDo693bJlVdllGtEeKM=
gopkg.in/check.v1 v0.0.0-20161208181325-20d25e280405/go.mod h1:Co6ibVJAznAaIkqp8huTwlJQCZ016jof/cbN4VW5Yz0=
gopkg.in/yaml.v3 v3.0.1 h1:fxVm/GzAzEWqLHuvctI91KS9hhNmmWOoWu0XTYJS7CA=
gopkg.in/yaml.v3 v3.0.1/go.mod h1:K4uyk7z7BCEPqu6E+C64Yfv1cQ7kz7rIZviUmN+EgEM=
